
Microsoft Visual Studio Solution File, Format Version 12.00
Project("{FAE04EC0-301F-11D3-BF4B-00C04F79EFBC}") = "Domain", "Domain\Domain.csproj", "{27060BC3-5F8B-4C47-A1A0-C2E59B8323E2}"
EndProject
Project("{FAE04EC0-301F-11D3-BF4B-00C04F79EFBC}") = "Application", "Application\Application.csproj", "{4624E0A7-2C4E-4863-BB00-C4310B948DF8}"
EndProject
Project("{FAE04EC0-301F-11D3-BF4B-00C04F79EFBC}") = "Infrastructure", "Infrastructure\Infrastructure.csproj", "{53C5238B-B017-4F43-8391-AEAD8B4F7287}"
EndProject
Project("{FAE04EC0-301F-11D3-BF4B-00C04F79EFBC}") = "Presentation", "Presentation\Presentation.csproj", "{B84D4165-077B-4545-B528-E1F30208E3D2}"
EndProject
Global
	GlobalSection(SolutionConfigurationPlatforms) = preSolution
		Debug|Any CPU = Debug|Any CPU
		Release|Any CPU = Release|Any CPU
	EndGlobalSection
	GlobalSection(ProjectConfigurationPlatforms) = postSolution
		{27060BC3-5F8B-4C47-A1A0-C2E59B8323E2}.Debug|Any CPU.ActiveCfg = Debug|Any CPU
		{27060BC3-5F8B-4C47-A1A0-C2E59B8323E2}.Debug|Any CPU.Build.0 = Debug|Any CPU
		{27060BC3-5F8B-4C47-A1A0-C2E59B8323E2}.Release|Any CPU.ActiveCfg = Release|Any CPU
		{27060BC3-5F8B-4C47-A1A0-C2E59B8323E2}.Release|Any CPU.Build.0 = Release|Any CPU
		{4624E0A7-2C4E-4863-BB00-C4310B948DF8}.Debug|Any CPU.ActiveCfg = Debug|Any CPU
		{4624E0A7-2C4E-4863-BB00-C4310B948DF8}.Debug|Any CPU.Build.0 = Debug|Any CPU
		{4624E0A7-2C4E-4863-BB00-C4310B948DF8}.Release|Any CPU.ActiveCfg = Release|Any CPU
		{4624E0A7-2C4E-4863-BB00-C4310B948DF8}.Release|Any CPU.Build.0 = Release|Any CPU
		{53C5238B-B017-4F43-8391-AEAD8B4F7287}.Debug|Any CPU.ActiveCfg = Debug|Any CPU
		{53C5238B-B017-4F43-8391-AEAD8B4F7287}.Debug|Any CPU.Build.0 = Debug|Any CPU
		{53C5238B-B017-4F43-8391-AEAD8B4F7287}.Release|Any CPU.ActiveCfg = Release|Any CPU
		{53C5238B-B017-4F43-8391-AEAD8B4F7287}.Release|Any CPU.Build.0 = Release|Any CPU
		{B84D4165-077B-4545-B528-E1F30208E3D2}.Debug|Any CPU.ActiveCfg = Debug|Any CPU
		{B84D4165-077B-4545-B528-E1F30208E3D2}.Debug|Any CPU.Build.0 = Debug|Any CPU
		{B84D4165-077B-4545-B528-E1F30208E3D2}.Release|Any CPU.ActiveCfg = Release|Any CPU
		{B84D4165-077B-4545-B528-E1F30208E3D2}.Release|Any CPU.Build.0 = Release|Any CPU
	EndGlobalSection
EndGlobal
